
Microsoft Visual Studio Solution File, Format Version 12.00
# Visual Studio Version 16
VisualStudioVersion = 16.0.29503.13
MinimumVisualStudioVersion = 10.0.40219.1
Project("{FAE04EC0-301F-11D3-BF4B-00C04F79EFBC}") = "SchoolManagementSystem", "SchoolManagementSystem.csproj", "{8EF95A47-553C-4178-9B0C-8118BCC1D21A}"
EndProject
Global
	GlobalSection(SolutionConfigurationPlatforms) = preSolution
		Debug|Any CPU = Debug|Any CPU
		Release|Any CPU = Release|Any CPU
	EndGlobalSection
	GlobalSection(ProjectConfigurationPlatforms) = postSolution
		{8EF95A47-553C-4178-9B0C-8118BCC1D21A}.Debug|Any CPU.ActiveCfg = Debug|Any CPU
		{8EF95A47-553C-4178-9B0C-8118BCC1D21A}.Debug|Any CPU.Build.0 = Debug|Any CPU
		{8EF95A47-553C-4178-9B0C-8118BCC1D21A}.Release|Any CPU.ActiveCfg = Release|Any CPU
		{8EF95A47-553C-4178-9B0C-8118BCC1D21A}.Release|Any CPU.Build.0 = Release|Any CPU
	EndGlobalSection
	GlobalSection(SolutionProperties) = preSolution
		HideSolutionNode = FALSE
	EndGlobalSection
	GlobalSection(ExtensibilityGlobals) = postSolution
		SolutionGuid = {C64A2936-C15B-4140-8477-58D5DF92CBF0}
	EndGlobalSection
EndGlobal
